{
  "version": 4,
  "terraform_version": "1.0.5",
  "serial": 22,
  "lineage": "2f7d36de-9995-4250-a6df-b37825f246d3",
  "outputs": {},
  "resources": [
    {
      "mode": "data",
      "type": "vsphere_compute_cluster",
      "name": "cluster",
      "provider": "provider[\"registry.terraform.io/hashicorp/vsphere\"]",
      "instances": [
        {
          "schema_version": 0,
          "attributes": {
            "datacenter_id": "datacenter-3",
            "id": "domain-c8",
            "name": "Cluster1",
            "resource_pool_id": "resgroup-9"
          },
          "sensitive_attributes": []
        }
      ]
    },
    {
      "mode": "data",
      "type": "vsphere_content_library",
      "name": "content_library",
      "provider": "provider[\"registry.terraform.io/hashicorp/vsphere\"]",
      "instances": [
        {
          "schema_version": 0,
          "attributes": {
            "id": "06409636-75ee-45b4-811c-3fc96ac9ae3f",
            "name": "publisher Content Library"
          },
          "sensitive_attributes": []
        }
      ]
    },
    {
      "mode": "data",
      "type": "vsphere_datacenter",
      "name": "dc",
      "provider": "provider[\"registry.terraform.io/hashicorp/vsphere\"]",
      "instances": [
        {
          "schema_version": 0,
          "attributes": {
            "id": "datacenter-3",
            "name": "Datacenter1"
          },
          "sensitive_attributes": []
        }
      ]
    },
    {
      "mode": "data",
      "type": "vsphere_datastore",
      "name": "datastore",
      "provider": "provider[\"registry.terraform.io/hashicorp/vsphere\"]",
      "instances": [
        {
          "schema_version": 0,
          "attributes": {
            "datacenter_id": "datacenter-3",
            "id": "datastore-12",
            "name": "vmContainer1"
          },
          "sensitive_attributes": []
        }
      ]
    },
    {
      "mode": "data",
      "type": "vsphere_host",
      "name": "host",
      "provider": "provider[\"registry.terraform.io/hashicorp/vsphere\"]",
      "instances": [
        {
          "schema_version": 0,
          "attributes": {
            "datacenter_id": "datacenter-3",
            "id": "host-11",
            "name": "10.42.27.27",
            "resource_pool_id": "resgroup-9"
          },
          "sensitive_attributes": []
        }
      ]
    },
    {
      "mode": "data",
      "type": "vsphere_network",
      "name": "network",
      "provider": "provider[\"registry.terraform.io/hashicorp/vsphere\"]",
      "instances": [
        {
          "schema_version": 0,
          "attributes": {
            "datacenter_id": "datacenter-3",
            "distributed_virtual_switch_uuid": null,
            "id": "network-33",
            "name": "LAB Network",
            "type": "Network"
          },
          "sensitive_attributes": []
        }
      ]
    },
    {
      "mode": "data",
      "type": "vsphere_resource_pool",
      "name": "default",
      "provider": "provider[\"registry.terraform.io/hashicorp/vsphere\"]",
      "instances": [
        {
          "schema_version": 0,
          "attributes": {
            "datacenter_id": "datacenter-3",
            "id": "resgroup-9",
            "name": "Cluster1/Resources"
          },
          "sensitive_attributes": []
        }
      ]
    },
    {
      "mode": "managed",
      "type": "vsphere_content_library",
      "name": "publisher_content_library",
      "provider": "provider[\"registry.terraform.io/hashicorp/vsphere\"]",
      "instances": [
        {
          "schema_version": 0,
          "attributes": {
            "description": "A publishing content library",
            "id": "06409636-75ee-45b4-811c-3fc96ac9ae3f",
            "name": "publisher Content Library",
            "publication": [
              {
                "authentication_method": "NONE",
                "password": "",
                "publish_url": "",
                "published": false,
                "username": ""
              }
            ],
            "storage_backing": [
              "datastore-12"
            ],
            "subscription": []
          },
          "sensitive_attributes": [],
          "private": "bnVsbA==",
          "dependencies": [
            "data.vsphere_datacenter.dc",
            "data.vsphere_datastore.datastore"
          ]
        }
      ]
    },
    {
      "mode": "managed",
      "type": "vsphere_content_library_item",
      "name": "content_library_item",
      "provider": "provider[\"registry.terraform.io/hashicorp/vsphere\"]",
      "instances": [
        {
          "schema_version": 1,
          "attributes": {
            "description": "Linux CentOS7 Image File",
            "file_url": "https://s3.amazonaws.com/nutanixobjectdemo/ova/CentOS7.ova",
            "id": "4938f59e-c311-4c44-945b-4099039e7882",
            "library_id": "06409636-75ee-45b4-811c-3fc96ac9ae3f",
            "name": "Linux CentOS7 Image File",
            "source_uuid": null,
            "type": "ovf"
          },
          "sensitive_attributes": [],
          "private": "eyJzY2hlbWFfdmVyc2lvbiI6IjEifQ==",
          "dependencies": [
            "data.vsphere_content_library.content_library"
          ]
        }
      ]
    },
    {
      "mode": "managed",
      "type": "vsphere_virtual_machine",
      "name": "vmFromRemoteOvf",
      "provider": "provider[\"registry.terraform.io/hashicorp/vsphere\"]",
      "instances": [
        {
          "index_key": 0,
          "schema_version": 3,
          "attributes": {
            "alternate_guest_name": "",
            "annotation": "Template for ESXi bootcamp root:nutanix/4u",
            "boot_delay": 0,
            "boot_retry_delay": 10000,
            "boot_retry_enabled": false,
            "cdrom": [],
            "change_version": "2022-03-08T20:51:46.785018Z",
            "clone": [],
            "cpu_hot_add_enabled": false,
            "cpu_hot_remove_enabled": false,
            "cpu_limit": -1,
            "cpu_performance_counters_enabled": false,
            "cpu_reservation": 0,
            "cpu_share_count": 1000,
            "cpu_share_level": "normal",
            "custom_attributes": {},
            "datacenter_id": "datacenter-3",
            "datastore_cluster_id": null,
            "datastore_id": "datastore-12",
            "default_ip_address": null,
            "disk": [
              {
                "attach": false,
                "controller_type": "scsi",
                "datastore_id": "datastore-12",
                "device_address": "scsi:0:0",
                "disk_mode": "persistent",
                "disk_sharing": "sharingNone",
                "eagerly_scrub": false,
                "io_limit": -1,
                "io_reservation": 0,
                "io_share_count": 1000,
                "io_share_level": "normal",
                "keep_on_remove": false,
                "key": 2000,
                "label": "disk0",
                "path": "LAB-Terraform-01/LAB-Terraform-01.vmdk",
                "size": 12,
                "storage_policy_id": "",
                "thin_provisioned": true,
                "unit_number": 0,
                "uuid": "6000C294-33eb-1c16-b2e6-1bd53bbb76fa",
                "write_through": false
              }
            ],
            "efi_secure_boot_enabled": false,
            "enable_disk_uuid": false,
            "enable_logging": false,
            "ept_rvi_mode": "automatic",
            "extra_config": {},
            "firmware": "bios",
            "folder": "",
            "force_power_off": true,
            "guest_id": "centos7_64Guest",
            "guest_ip_addresses": [],
            "hardware_version": 13,
            "host_system_id": "host-11",
            "hv_mode": "hvAuto",
            "id": "42351d58-3a7f-1766-e559-679be471c996",
            "ide_controller_count": 2,
            "ignored_guest_ips": null,
            "imported": null,
            "latency_sensitivity": "normal",
            "memory": 1024,
            "memory_hot_add_enabled": false,
            "memory_limit": -1,
            "memory_reservation": 0,
            "memory_share_count": 10240,
            "memory_share_level": "normal",
            "migrate_wait_timeout": 30,
            "moid": "vm-48",
            "name": "LAB-Terraform-1",
            "nested_hv_enabled": false,
            "network_interface": [],
            "num_cores_per_socket": 1,
            "num_cpus": 1,
            "ovf_deploy": [
              {
                "allow_unverified_ssl_cert": false,
                "deployment_option": "",
                "disk_provisioning": "thin",
                "enable_hidden_properties": false,
                "ip_allocation_policy": "STATIC_MANUAL",
                "ip_protocol": "IPV4",
                "local_ovf_path": "",
                "ovf_network_map": {
                  "LAB Network": "network-33"
                },
                "remote_ovf_url": "https://s3.amazonaws.com/nutanixobjectdemo/ova/CentOS7.ova"
              }
            ],
            "pci_device_id": [],
            "poweron_timeout": 300,
            "reboot_required": false,
            "replace_trigger": null,
            "resource_pool_id": "resgroup-9",
            "run_tools_scripts_after_power_on": true,
            "run_tools_scripts_after_resume": true,
            "run_tools_scripts_before_guest_reboot": false,
            "run_tools_scripts_before_guest_shutdown": true,
            "run_tools_scripts_before_guest_standby": true,
            "sata_controller_count": 0,
            "scsi_bus_sharing": "noSharing",
            "scsi_controller_count": 1,
            "scsi_type": "pvscsi",
            "shutdown_wait_timeout": 3,
            "storage_policy_id": "",
            "swap_placement_policy": "inherit",
            "sync_time_with_host": false,
            "sync_time_with_host_periodically": false,
            "tags": [],
            "uuid": "42351d58-3a7f-1766-e559-679be471c996",
            "vapp": [],
            "vapp_transport": [],
            "vbs_enabled": false,
            "vmware_tools_status": "guestToolsRunning",
            "vmx_path": "LAB-Terraform-01/LAB-Terraform-01.vmx",
            "vvtd_enabled": false,
            "wait_for_guest_ip_timeout": 0,
            "wait_for_guest_net_routable": true,
            "wait_for_guest_net_timeout": 0
          },
          "sensitive_attributes": [],
          "private": "eyJzY2hlbWFfdmVyc2lvbiI6IjMifQ==",
          "dependencies": [
            "data.vsphere_datacenter.dc",
            "data.vsphere_datastore.datastore",
            "data.vsphere_host.host",
            "data.vsphere_network.network",
            "data.vsphere_resource_pool.default"
          ]
        },
        {
          "index_key": 1,
          "schema_version": 3,
          "attributes": {
            "alternate_guest_name": "",
            "annotation": "Template for ESXi bootcamp root:nutanix/4u",
            "boot_delay": 0,
            "boot_retry_delay": 10000,
            "boot_retry_enabled": false,
            "cdrom": [],
            "change_version": "2022-03-08T20:53:24.752878Z",
            "clone": [],
            "cpu_hot_add_enabled": false,
            "cpu_hot_remove_enabled": false,
            "cpu_limit": -1,
            "cpu_performance_counters_enabled": false,
            "cpu_reservation": 0,
            "cpu_share_count": 1000,
            "cpu_share_level": "normal",
            "custom_attributes": null,
            "datacenter_id": "datacenter-3",
            "datastore_cluster_id": null,
            "datastore_id": "datastore-12",
            "default_ip_address": null,
            "disk": [
              {
                "attach": false,
                "controller_type": "scsi",
                "datastore_id": "datastore-12",
                "device_address": "scsi:0:0",
                "disk_mode": "persistent",
                "disk_sharing": "sharingNone",
                "eagerly_scrub": false,
                "io_limit": -1,
                "io_reservation": 0,
                "io_share_count": 1000,
                "io_share_level": "normal",
                "keep_on_remove": false,
                "key": 2000,
                "label": "disk0",
                "path": "LAB-Terraform-2/LAB-Terraform-2.vmdk",
                "size": 12,
                "storage_policy_id": "",
                "thin_provisioned": true,
                "unit_number": 0,
                "uuid": "6000C294-7ec4-a8d2-1fa5-d67835e05de5",
                "write_through": false
              }
            ],
            "efi_secure_boot_enabled": false,
            "enable_disk_uuid": false,
            "enable_logging": false,
            "ept_rvi_mode": "automatic",
            "extra_config": null,
            "firmware": "bios",
            "folder": "",
            "force_power_off": true,
            "guest_id": "centos7_64Guest",
            "guest_ip_addresses": [],
            "hardware_version": 13,
            "host_system_id": "host-11",
            "hv_mode": "hvAuto",
            "id": "42359afb-fd5c-e237-2c03-0d1d58e18bbe",
            "ide_controller_count": 2,
            "ignored_guest_ips": null,
            "imported": null,
            "latency_sensitivity": "normal",
            "memory": 1024,
            "memory_hot_add_enabled": false,
            "memory_limit": -1,
            "memory_reservation": 0,
            "memory_share_count": 10240,
            "memory_share_level": "normal",
            "migrate_wait_timeout": 30,
            "moid": "vm-50",
            "name": "LAB-Terraform-2",
            "nested_hv_enabled": false,
            "network_interface": [],
            "num_cores_per_socket": 1,
            "num_cpus": 1,
            "ovf_deploy": [
              {
                "allow_unverified_ssl_cert": false,
                "deployment_option": "",
                "disk_provisioning": "thin",
                "enable_hidden_properties": false,
                "ip_allocation_policy": "STATIC_MANUAL",
                "ip_protocol": "IPV4",
                "local_ovf_path": "",
                "ovf_network_map": {
                  "LAB Network": "network-33"
                },
                "remote_ovf_url": "https://s3.amazonaws.com/nutanixobjectdemo/ova/CentOS7.ova"
              }
            ],
            "pci_device_id": null,
            "poweron_timeout": 300,
            "reboot_required": false,
            "replace_trigger": null,
            "resource_pool_id": "resgroup-9",
            "run_tools_scripts_after_power_on": true,
            "run_tools_scripts_after_resume": true,
            "run_tools_scripts_before_guest_reboot": false,
            "run_tools_scripts_before_guest_shutdown": true,
            "run_tools_scripts_before_guest_standby": true,
            "sata_controller_count": 0,
            "scsi_bus_sharing": "noSharing",
            "scsi_controller_count": 1,
            "scsi_type": "pvscsi",
            "shutdown_wait_timeout": 3,
            "storage_policy_id": "",
            "swap_placement_policy": "inherit",
            "sync_time_with_host": false,
            "sync_time_with_host_periodically": false,
            "tags": null,
            "uuid": "42359afb-fd5c-e237-2c03-0d1d58e18bbe",
            "vapp": [],
            "vapp_transport": [],
            "vbs_enabled": false,
            "vmware_tools_status": "guestToolsNotRunning",
            "vmx_path": "LAB-Terraform-2/LAB-Terraform-2.vmx",
            "vvtd_enabled": false,
            "wait_for_guest_ip_timeout": 0,
            "wait_for_guest_net_routable": true,
            "wait_for_guest_net_timeout": 0
          },
          "sensitive_attributes": [],
          "private": "eyJzY2hlbWFfdmVyc2lvbiI6IjMifQ==",
          "dependencies": [
            "data.vsphere_datacenter.dc",
            "data.vsphere_datastore.datastore",
            "data.vsphere_host.host",
            "data.vsphere_network.network",
            "data.vsphere_resource_pool.default"
          ]
        },
        {
          "index_key": 2,
          "schema_version": 3,
          "attributes": {
            "alternate_guest_name": "",
            "annotation": "Template for ESXi bootcamp root:nutanix/4u",
            "boot_delay": 0,
            "boot_retry_delay": 10000,
            "boot_retry_enabled": false,
            "cdrom": [],
            "change_version": "2022-03-08T20:53:04.937852Z",
            "clone": [],
            "cpu_hot_add_enabled": false,
            "cpu_hot_remove_enabled": false,
            "cpu_limit": -1,
            "cpu_performance_counters_enabled": false,
            "cpu_reservation": 0,
            "cpu_share_count": 1000,
            "cpu_share_level": "normal",
            "custom_attributes": null,
            "datacenter_id": "datacenter-3",
            "datastore_cluster_id": null,
            "datastore_id": "datastore-12",
            "default_ip_address": null,
            "disk": [
              {
                "attach": false,
                "controller_type": "scsi",
                "datastore_id": "datastore-12",
                "device_address": "scsi:0:0",
                "disk_mode": "persistent",
                "disk_sharing": "sharingNone",
                "eagerly_scrub": false,
                "io_limit": -1,
                "io_reservation": 0,
                "io_share_count": 1000,
                "io_share_level": "normal",
                "keep_on_remove": false,
                "key": 2000,
                "label": "disk0",
                "path": "LAB-Terraform-3/LAB-Terraform-3.vmdk",
                "size": 12,
                "storage_policy_id": "",
                "thin_provisioned": true,
                "unit_number": 0,
                "uuid": "6000C295-55ba-115d-57fb-84dacd63a948",
                "write_through": false
              }
            ],
            "efi_secure_boot_enabled": false,
            "enable_disk_uuid": false,
            "enable_logging": false,
            "ept_rvi_mode": "automatic",
            "extra_config": null,
            "firmware": "bios",
            "folder": "",
            "force_power_off": true,
            "guest_id": "centos7_64Guest",
            "guest_ip_addresses": [],
            "hardware_version": 13,
            "host_system_id": "host-11",
            "hv_mode": "hvAuto",
            "id": "423562f4-0982-145f-897f-00e46d39b59f",
            "ide_controller_count": 2,
            "ignored_guest_ips": null,
            "imported": null,
            "latency_sensitivity": "normal",
            "memory": 1024,
            "memory_hot_add_enabled": false,
            "memory_limit": -1,
            "memory_reservation": 0,
            "memory_share_count": 10240,
            "memory_share_level": "normal",
            "migrate_wait_timeout": 30,
            "moid": "vm-49",
            "name": "LAB-Terraform-3",
            "nested_hv_enabled": false,
            "network_interface": [],
            "num_cores_per_socket": 1,
            "num_cpus": 1,
            "ovf_deploy": [
              {
                "allow_unverified_ssl_cert": false,
                "deployment_option": "",
                "disk_provisioning": "thin",
                "enable_hidden_properties": false,
                "ip_allocation_policy": "STATIC_MANUAL",
                "ip_protocol": "IPV4",
                "local_ovf_path": "",
                "ovf_network_map": {
                  "LAB Network": "network-33"
                },
                "remote_ovf_url": "https://s3.amazonaws.com/nutanixobjectdemo/ova/CentOS7.ova"
              }
            ],
            "pci_device_id": null,
            "poweron_timeout": 300,
            "reboot_required": false,
            "replace_trigger": null,
            "resource_pool_id": "resgroup-9",
            "run_tools_scripts_after_power_on": true,
            "run_tools_scripts_after_resume": true,
            "run_tools_scripts_before_guest_reboot": false,
            "run_tools_scripts_before_guest_shutdown": true,
            "run_tools_scripts_before_guest_standby": true,
            "sata_controller_count": 0,
            "scsi_bus_sharing": "noSharing",
            "scsi_controller_count": 1,
            "scsi_type": "pvscsi",
            "shutdown_wait_timeout": 3,
            "storage_policy_id": "",
            "swap_placement_policy": "inherit",
            "sync_time_with_host": false,
            "sync_time_with_host_periodically": false,
            "tags": null,
            "uuid": "423562f4-0982-145f-897f-00e46d39b59f",
            "vapp": [],
            "vapp_transport": [],
            "vbs_enabled": false,
            "vmware_tools_status": "guestToolsNotRunning",
            "vmx_path": "LAB-Terraform-3/LAB-Terraform-3.vmx",
            "vvtd_enabled": false,
            "wait_for_guest_ip_timeout": 0,
            "wait_for_guest_net_routable": true,
            "wait_for_guest_net_timeout": 0
          },
          "sensitive_attributes": [],
          "private": "eyJzY2hlbWFfdmVyc2lvbiI6IjMifQ==",
          "dependencies": [
            "data.vsphere_datacenter.dc",
            "data.vsphere_datastore.datastore",
            "data.vsphere_host.host",
            "data.vsphere_network.network",
            "data.vsphere_resource_pool.default"
          ]
        }
      ]
    }
  ]
}
